
Microsoft Visual Studio Solution File, Format Version 12.00
# Visual Studio Version 17
VisualStudioVersion = 17.8.34408.163
MinimumVisualStudioVersion = 10.0.40219.1
Project("{FAE04EC0-301F-11D3-BF4B-00C04F79EFBC}") = "railway", "railway\railway.csproj", "{D36E512A-AB6D-4053-A619-0E449BDA220A}"
EndProject
Global
	GlobalSection(SolutionConfigurationPlatforms) = preSolution
		Debug|Any CPU = Debug|Any CPU
		Release|Any CPU = Release|Any CPU
	EndGlobalSection
	GlobalSection(ProjectConfigurationPlatforms) = postSolution
		{D36E512A-AB6D-4053-A619-0E449BDA220A}.Debug|Any CPU.ActiveCfg = Debug|Any CPU
		{D36E512A-AB6D-4053-A619-0E449BDA220A}.Debug|Any CPU.Build.0 = Debug|Any CPU
		{D36E512A-AB6D-4053-A619-0E449BDA220A}.Release|Any CPU.ActiveCfg = Release|Any CPU
		{D36E512A-AB6D-4053-A619-0E449BDA220A}.Release|Any CPU.Build.0 = Release|Any CPU
	EndGlobalSection
	GlobalSection(SolutionProperties) = preSolution
		HideSolutionNode = FALSE
	EndGlobalSection
	GlobalSection(ExtensibilityGlobals) = postSolution
		SolutionGuid = {3CC2A2AC-C570-4083-A8E5-8B293F31E9D7}
	EndGlobalSection
EndGlobal
